github.com/m1ker1n/greetings v0.0.0-20231212050527-ebbd1eada01e h1:DsLKhm12o8r6Gy47Q2isdJLOoLnBQLDJG5l2ARt4YnM=
github.com/m1ker1n/greetings v0.0.0-20231212050527-ebbd1eada01e/go.mod h1:EsK07c/oerQWuGbY/fR2BuTNRG9al41UlUpZNL3b4A4=
github.com/m1ker1n/greetings v0.1.0 h1:aeewGLZLVP5sjowWQmxWViEVyy3+ajVKX5w9Dyy7o9g=
github.com/m1ker1n/greetings v0.1.0/go.mod h1:EsK07c/oerQWuGbY/fR2BuTNRG9al41UlUpZNL3b4A4=
