github.com/m1ker1n/greetings v0.3.0 h1:viRfkmC9kDOs3wpnoeb/81hxB1Jy9bgpK5TS2cpN0xE=
github.com/m1ker1n/greetings v0.3.0/go.mod h1:EsK07c/oerQWuGbY/fR2BuTNRG9al41UlUpZNL3b4A4=
github.com/m1ker1n/greetings v0.4.0 h1:N22SZFd4Bi2Sl7Lpq9YiqY72KVcd/DGS+dWzBY3zPWY=
github.com/m1ker1n/greetings v0.4.0/go.mod h1:EsK07c/oerQWuGbY/fR2BuTNRG9al41UlUpZNL3b4A4=
